
Microsoft Visual Studio Solution File, Format Version 11.00
# Visual Studio 2010
Project("{FAE04EC0-301F-11D3-BF4B-00C04F79EFBC}") = "DXqlvt", "DXqlvt\DXqlvt.csproj", "{257ADE68-0218-41DB-A834-D8E745F8270B}"
EndProject
Global
	GlobalSection(SolutionConfigurationPlatforms) = preSolution
		Debug|Any CPU = Debug|Any CPU
		Release|Any CPU = Release|Any CPU
	EndGlobalSection
	GlobalSection(ProjectConfigurationPlatforms) = postSolution
		{257ADE68-0218-41DB-A834-D8E745F8270B}.Debug|Any CPU.ActiveCfg = Debug|Any CPU
		{257ADE68-0218-41DB-A834-D8E745F8270B}.Debug|Any CPU.Build.0 = Debug|Any CPU
		{257ADE68-0218-41DB-A834-D8E745F8270B}.Release|Any CPU.ActiveCfg = Release|Any CPU
		{257ADE68-0218-41DB-A834-D8E745F8270B}.Release|Any CPU.Build.0 = Release|Any CPU
	EndGlobalSection
	GlobalSection(SolutionProperties) = preSolution
		HideSolutionNode = FALSE
	EndGlobalSection
EndGlobal
